
Microsoft Visual Studio Solution File, Format Version 12.00
# Visual Studio Version 17
VisualStudioVersion = 17.8.34316.72
MinimumVisualStudioVersion = 10.0.40219.1
Project("{FAE04EC0-301F-11D3-BF4B-00C04F79EFBC}") = "Testcraft.Launcher", "Testcraft.Launcher.csproj", "{7EC91A16-1463-4171-A05A-833B1E046447}"
EndProject
Global
	GlobalSection(SolutionConfigurationPlatforms) = preSolution
		Debug|Any CPU = Debug|Any CPU
		Release|Any CPU = Release|Any CPU
	EndGlobalSection
	GlobalSection(ProjectConfigurationPlatforms) = postSolution
		{7EC91A16-1463-4171-A05A-833B1E046447}.Debug|Any CPU.ActiveCfg = Debug|Any CPU
		{7EC91A16-1463-4171-A05A-833B1E046447}.Debug|Any CPU.Build.0 = Debug|Any CPU
		{7EC91A16-1463-4171-A05A-833B1E046447}.Release|Any CPU.ActiveCfg = Release|Any CPU
		{7EC91A16-1463-4171-A05A-833B1E046447}.Release|Any CPU.Build.0 = Release|Any CPU
	EndGlobalSection
	GlobalSection(SolutionProperties) = preSolution
		HideSolutionNode = FALSE
	EndGlobalSection
	GlobalSection(ExtensibilityGlobals) = postSolution
		SolutionGuid = {0721BC71-BEF3-4C28-A582-FF059F973C1E}
	EndGlobalSection
EndGlobal
